
Microsoft Visual Studio Solution File, Format Version 12.00
# Visual Studio Version 16
VisualStudioVersion = 25.0.1705.5
MinimumVisualStudioVersion = 10.0.40219.1
Project("{FAE04EC0-301F-11D3-BF4B-00C04F79EFBC}") = "Bucky", "Bucky\Bucky.csproj", "{08A62A43-CFAF-487B-9541-B68B1AD6F8AF}"
EndProject
Global
	GlobalSection(SolutionConfigurationPlatforms) = preSolution
		Debug|Any CPU = Debug|Any CPU
		Release|Any CPU = Release|Any CPU
	EndGlobalSection
	GlobalSection(ProjectConfigurationPlatforms) = postSolution
		{08A62A43-CFAF-487B-9541-B68B1AD6F8AF}.Debug|Any CPU.ActiveCfg = Debug|Any CPU
		{08A62A43-CFAF-487B-9541-B68B1AD6F8AF}.Debug|Any CPU.Build.0 = Debug|Any CPU
		{08A62A43-CFAF-487B-9541-B68B1AD6F8AF}.Release|Any CPU.ActiveCfg = Release|Any CPU
		{08A62A43-CFAF-487B-9541-B68B1AD6F8AF}.Release|Any CPU.Build.0 = Release|Any CPU
	EndGlobalSection
	GlobalSection(SolutionProperties) = preSolution
		HideSolutionNode = FALSE
	EndGlobalSection
	GlobalSection(ExtensibilityGlobals) = postSolution
		SolutionGuid = {435BE5F8-1456-4BE5-873B-DCE2389925E8}
	EndGlobalSection
EndGlobal
